dependencies:
  h2zero/esp-nimble-cpp:
    component_hash: 82f654989d6e7a82744e32af78fd796d02c545a1728f35d165f4dacd4fcc3663
    dependencies:
    - name: espressif/esp_hosted
      registry_url: https://components.espressif.com
      require: private
      rules:
      - if: target in [esp32p4]
      version: '*'
    - name: espressif/esp_wifi_remote
      registry_url: https://components.espressif.com
      require: private
      rules:
      - if: target in [esp32p4]
      version: <0.5.4
    - name: idf
      require: private
      rules:
      - if: target in [esp32p4]
      version: '>=5.3.0'
    source:
      registry_url: https://components.espressif.com/
      type: service
    version: 2.2.1
  idf:
    source:
      type: idf
    version: 5.3.1
  joltwallet/littlefs:
    component_hash: 34b8c56a14f10b440845fe972ce34ef41d1d205bcb139b3dfc58983a10abf59b
    dependencies:
    - name: idf
      require: private
      version: '>=5.0'
    source:
      registry_url: https://components.espressif.com/
      type: service
    version: 1.19.1
direct_dependencies:
- h2zero/esp-nimble-cpp
- idf
- joltwallet/littlefs
manifest_hash: c43cec89d902ffd8488de3182cc1cee6a0e2f2a1ff7abe66e94cef8791824d70
target: esp32
version: 2.0.0
